// !$*UTF8*$!
{
	archiveVersion = 1;
	classes = {
	};
	objectVersion = 46;
	objects = {

/* Begin PBXBuildFile section */
		E513FB0B1E088A7900AB3365 /* CPU+Opcodes.swift in Sources */ = {isa = PBXBuildFile; fileRef = E513FB0A1E088A7900AB3365 /* CPU+Opcodes.swift */; };
		E53A2C9F1D077FC100C52B93 /* Disk.swift in Sources */ = {isa = PBXBuildFile; fileRef = E53A2C9E1D077FC100C52B93 /* Disk.swift */; };
		E53A2CA11D077FF100C52B93 /* SaveState.swift in Sources */ = {isa = PBXBuildFile; fileRef = E53A2CA01D077FF100C52B93 /* SaveState.swift */; };
		E58F36FA1D0627A300AE4DEC /* BinaryConvertible.swift in Sources */ = {isa = PBXBuildFile; fileRef = E58F36F91D0627A300AE4DEC /* BinaryConvertible.swift */; };
		E58F4D8B1C110070000F3976 /* Component.swift in Sources */ = {isa = PBXBuildFile; fileRef = E58F4D8A1C110070000F3976 /* Component.swift */; };
		E5BD5DD5241945A6003CBC44 /* FixedArray.swift in Sources */ = {isa = PBXBuildFile; fileRef = E5BD5DD4241945A6003CBC44 /* FixedArray.swift */; };
		E5BD5DDF24197A14003CBC44 /* C64.framework in Frameworks */ = {isa = PBXBuildFile; fileRef = E5EE30441BF8E5CD00404BE0 /* C64.framework */; };
		E5BD5DED24197A3A003CBC44 /* PerformanceTests.swift in Sources */ = {isa = PBXBuildFile; fileRef = E5BD5DEB24197A3A003CBC44 /* PerformanceTests.swift */; };
		E5BD5DEE24197A3A003CBC44 /* TestprogsCIACiavarious.swift in Sources */ = {isa = PBXBuildFile; fileRef = E5BD5DEA24197A3A003CBC44 /* TestprogsCIACiavarious.swift */; };
		E5BD5DEF24197A3A003CBC44 /* LorenzTestSuite.swift in Sources */ = {isa = PBXBuildFile; fileRef = E5BD5DEC24197A3A003CBC44 /* LorenzTestSuite.swift */; };
		E5BD5DF024197A3A003CBC44 /* BaseTest.swift in Sources */ = {isa = PBXBuildFile; fileRef = E5BD5DE624197A39003CBC44 /* BaseTest.swift */; };
		E5BD5DF224197A66003CBC44 /* Resources in Resources */ = {isa = PBXBuildFile; fileRef = E5BD5DF124197A66003CBC44 /* Resources */; };
		E5BD5DF424197B53003CBC44 /* ROM in Resources */ = {isa = PBXBuildFile; fileRef = E5BD5DF324197B53003CBC44 /* ROM */; };
		E5DFEDAB1C0D06E5003AA5B9 /* CircularBuffer.swift in Sources */ = {isa = PBXBuildFile; fileRef = E5DFEDAA1C0D06E5003AA5B9 /* CircularBuffer.swift */; };
		E5E0E3CD1C2AF6750062E0DD /* Line.swift in Sources */ = {isa = PBXBuildFile; fileRef = E5E0E3CC1C2AF6750062E0DD /* Line.swift */; };
		E5EE30641BF8E8AE00404BE0 /* C1541.swift in Sources */ = {isa = PBXBuildFile; fileRef = E5EE30561BF8E8AE00404BE0 /* C1541.swift */; };
		E5EE30651BF8E8AE00404BE0 /* C1541Memory.swift in Sources */ = {isa = PBXBuildFile; fileRef = E5EE30571BF8E8AE00404BE0 /* C1541Memory.swift */; };
		E5EE30661BF8E8AE00404BE0 /* VIA.swift in Sources */ = {isa = PBXBuildFile; fileRef = E5EE30581BF8E8AE00404BE0 /* VIA.swift */; };
		E5EE30671BF8E8AE00404BE0 /* C64.swift in Sources */ = {isa = PBXBuildFile; fileRef = E5EE305A1BF8E8AE00404BE0 /* C64.swift */; };
		E5EE30681BF8E8AE00404BE0 /* CPU.swift in Sources */ = {isa = PBXBuildFile; fileRef = E5EE305B1BF8E8AE00404BE0 /* CPU.swift */; };
		E5EE30691BF8E8AE00404BE0 /* CIA.swift in Sources */ = {isa = PBXBuildFile; fileRef = E5EE305C1BF8E8AE00404BE0 /* CIA.swift */; };
		E5EE306A1BF8E8AE00404BE0 /* Math.swift in Sources */ = {isa = PBXBuildFile; fileRef = E5EE305D1BF8E8AE00404BE0 /* Math.swift */; };
		E5EE306B1BF8E8AE00404BE0 /* Memory.swift in Sources */ = {isa = PBXBuildFile; fileRef = E5EE305E1BF8E8AE00404BE0 /* Memory.swift */; };
		E5EE306C1BF8E8AE00404BE0 /* SID.swift in Sources */ = {isa = PBXBuildFile; fileRef = E5EE305F1BF8E8AE00404BE0 /* SID.swift */; };
		E5EE306D1BF8E8AE00404BE0 /* VIC.swift in Sources */ = {isa = PBXBuildFile; fileRef = E5EE30601BF8E8AE00404BE0 /* VIC.swift */; };
		E5EE306E1BF8E8AE00404BE0 /* Keyboard.swift in Sources */ = {isa = PBXBuildFile; fileRef = E5EE30611BF8E8AE00404BE0 /* Keyboard.swift */; };
		E5EE306F1BF8E8AE00404BE0 /* Joystick.swift in Sources */ = {isa = PBXBuildFile; fileRef = E5EE30621BF8E8AE00404BE0 /* Joystick.swift */; };
		E5EE30701BF8E8AE00404BE0 /* IEC.swift in Sources */ = {isa = PBXBuildFile; fileRef = E5EE30631BF8E8AE00404BE0 /* IEC.swift */; };
/* End PBXBuildFile section */

/* Begin PBXContainerItemProxy section */
		E5BD5DE024197A14003CBC44 /* PBXContainerItemProxy */ = {
			isa = PBXContainerItemProxy;
			containerPortal = E5EE303B1BF8E5CD00404BE0 /* Project object */;
			proxyType = 1;
			remoteGlobalIDString = E5EE30431BF8E5CD00404BE0;
			remoteInfo = C64;
		};
/* End PBXContainerItemProxy section */

/* Begin PBXFileReference section */
		E513FB0A1E088A7900AB3365 /* CPU+Opcodes.swift */ = {isa = PBXFileReference; fileEncoding = 4; lastKnownFileType = sourcecode.swift; path = "CPU+Opcodes.swift"; sourceTree = "<group>"; };
		E53A2C9E1D077FC100C52B93 /* Disk.swift */ = {isa = PBXFileReference; fileEncoding = 4; lastKnownFileType = sourcecode.swift; path = Disk.swift; sourceTree = "<group>"; };
		E53A2CA01D077FF100C52B93 /* SaveState.swift */ = {isa = PBXFileReference; fileEncoding = 4; lastKnownFileType = sourcecode.swift; path = SaveState.swift; sourceTree = "<group>"; };
		E58F36F91D0627A300AE4DEC /* BinaryConvertible.swift */ = {isa = PBXFileReference; fileEncoding = 4; lastKnownFileType = sourcecode.swift; path = BinaryConvertible.swift; sourceTree = "<group>"; };
		E58F4D8A1C110070000F3976 /* Component.swift */ = {isa = PBXFileReference; fileEncoding = 4; lastKnownFileType = sourcecode.swift; path = Component.swift; sourceTree = "<group>"; };
		E5BD5DD4241945A6003CBC44 /* FixedArray.swift */ = {isa = PBXFileReference; lastKnownFileType = sourcecode.swift; path = FixedArray.swift; sourceTree = "<group>"; };
		E5BD5DDA24197A14003CBC44 /* Tests.xctest */ = {isa = PBXFileReference; explicitFileType = wrapper.cfbundle; includeInIndex = 0; path = Tests.xctest; sourceTree = BUILT_PRODUCTS_DIR; };
		E5BD5DDE24197A14003CBC44 /* Info.plist */ = {isa = PBXFileReference; lastKnownFileType = text.plist.xml; path = Info.plist; sourceTree = "<group>"; };
		E5BD5DE624197A39003CBC44 /* BaseTest.swift */ = {isa = PBXFileReference; fileEncoding = 4; lastKnownFileType = sourcecode.swift; path = BaseTest.swift; sourceTree = "<group>"; };
		E5BD5DEA24197A3A003CBC44 /* TestprogsCIACiavarious.swift */ = {isa = PBXFileReference; fileEncoding = 4; lastKnownFileType = sourcecode.swift; path = TestprogsCIACiavarious.swift; sourceTree = "<group>"; };
		E5BD5DEB24197A3A003CBC44 /* PerformanceTests.swift */ = {isa = PBXFileReference; fileEncoding = 4; lastKnownFileType = sourcecode.swift; path = PerformanceTests.swift; sourceTree = "<group>"; };
		E5BD5DEC24197A3A003CBC44 /* LorenzTestSuite.swift */ = {isa = PBXFileReference; fileEncoding = 4; lastKnownFileType = sourcecode.swift; path = LorenzTestSuite.swift; sourceTree = "<group>"; };
		E5BD5DF124197A66003CBC44 /* Resources */ = {isa = PBXFileReference; lastKnownFileType = folder; path = Resources; sourceTree = "<group>"; };
		E5BD5DF324197B53003CBC44 /* ROM */ = {isa = PBXFileReference; lastKnownFileType = folder; path = ROM; sourceTree = "<group>"; };
		E5DFEDAA1C0D06E5003AA5B9 /* CircularBuffer.swift */ = {isa = PBXFileReference; fileEncoding = 4; lastKnownFileType = sourcecode.swift; path = CircularBuffer.swift; sourceTree = "<group>"; };
		E5E0E3CC1C2AF6750062E0DD /* Line.swift */ = {isa = PBXFileReference; fileEncoding = 4; lastKnownFileType = sourcecode.swift; path = Line.swift; sourceTree = "<group>"; };
		E5EE30441BF8E5CD00404BE0 /* C64.framework */ = {isa = PBXFileReference; explicitFileType = wrapper.framework; includeInIndex = 0; path = C64.framework; sourceTree = BUILT_PRODUCTS_DIR; };
		E5EE30491BF8E5CD00404BE0 /* Info.plist */ = {isa = PBXFileReference; lastKnownFileType = text.plist.xml; path = Info.plist; sourceTree = "<group>"; };
		E5EE30561BF8E8AE00404BE0 /* C1541.swift */ = {isa = PBXFileReference; fileEncoding = 4; lastKnownFileType = sourcecode.swift; path = C1541.swift; sourceTree = "<group>"; };
		E5EE30571BF8E8AE00404BE0 /* C1541Memory.swift */ = {isa = PBXFileReference; fileEncoding = 4; lastKnownFileType = sourcecode.swift; path = C1541Memory.swift; sourceTree = "<group>"; };
		E5EE30581BF8E8AE00404BE0 /* VIA.swift */ = {isa = PBXFileReference; fileEncoding = 4; lastKnownFileType = sourcecode.swift; path = VIA.swift; sourceTree = "<group>"; };
		E5EE305A1BF8E8AE00404BE0 /* C64.swift */ = {isa = PBXFileReference; fileEncoding = 4; lastKnownFileType = sourcecode.swift; path = C64.swift; sourceTree = "<group>"; };
		E5EE305B1BF8E8AE00404BE0 /* CPU.swift */ = {isa = PBXFileReference; fileEncoding = 4; lastKnownFileType = sourcecode.swift; path = CPU.swift; sourceTree = "<group>"; };
		E5EE305C1BF8E8AE00404BE0 /* CIA.swift */ = {isa = PBXFileReference; fileEncoding = 4; lastKnownFileType = sourcecode.swift; path = CIA.swift; sourceTree = "<group>"; };
		E5EE305D1BF8E8AE00404BE0 /* Math.swift */ = {isa = PBXFileReference; fileEncoding = 4; lastKnownFileType = sourcecode.swift; path = Math.swift; sourceTree = "<group>"; };
		E5EE305E1BF8E8AE00404BE0 /* Memory.swift */ = {isa = PBXFileReference; fileEncoding = 4; lastKnownFileType = sourcecode.swift; path = Memory.swift; sourceTree = "<group>"; };
		E5EE305F1BF8E8AE00404BE0 /* SID.swift */ = {isa = PBXFileReference; fileEncoding = 4; lastKnownFileType = sourcecode.swift; path = SID.swift; sourceTree = "<group>"; };
		E5EE30601BF8E8AE00404BE0 /* VIC.swift */ = {isa = PBXFileReference; fileEncoding = 4; lastKnownFileType = sourcecode.swift; path = VIC.swift; sourceTree = "<group>"; };
		E5EE30611BF8E8AE00404BE0 /* Keyboard.swift */ = {isa = PBXFileReference; fileEncoding = 4; lastKnownFileType = sourcecode.swift; path = Keyboard.swift; sourceTree = "<group>"; };
		E5EE30621BF8E8AE00404BE0 /* Joystick.swift */ = {isa = PBXFileReference; fileEncoding = 4; lastKnownFileType = sourcecode.swift; path = Joystick.swift; sourceTree = "<group>"; };
		E5EE30631BF8E8AE00404BE0 /* IEC.swift */ = {isa = PBXFileReference; fileEncoding = 4; lastKnownFileType = sourcecode.swift; path = IEC.swift; sourceTree = "<group>"; };
/* End PBXFileReference section */

/* Begin PBXFrameworksBuildPhase section */
		E5BD5DD724197A14003CBC44 /* Frameworks */ = {
			isa = PBXFrameworksBuildPhase;
			buildActionMask = 2147483647;
			files = (
				E5BD5DDF24197A14003CBC44 /* C64.framework in Frameworks */,
			);
			runOnlyForDeploymentPostprocessing = 0;
		};
		E5EE30401BF8E5CD00404BE0 /* Frameworks */ = {
			isa = PBXFrameworksBuildPhase;
			buildActionMask = 2147483647;
			files = (
			);
			runOnlyForDeploymentPostprocessing = 0;
		};
/* End PBXFrameworksBuildPhase section */

/* Begin PBXGroup section */
		E53A2C9D1D077FC100C52B93 /* Files */ = {
			isa = PBXGroup;
			children = (
				E53A2C9E1D077FC100C52B93 /* Disk.swift */,
				E53A2CA01D077FF100C52B93 /* SaveState.swift */,
			);
			path = Files;
			sourceTree = "<group>";
		};
		E5BD5DDB24197A14003CBC44 /* Tests */ = {
			isa = PBXGroup;
			children = (
				E5BD5DE624197A39003CBC44 /* BaseTest.swift */,
				E5BD5DEB24197A3A003CBC44 /* PerformanceTests.swift */,
				E5BD5DEC24197A3A003CBC44 /* LorenzTestSuite.swift */,
				E5BD5DEA24197A3A003CBC44 /* TestprogsCIACiavarious.swift */,
				E5BD5DDE24197A14003CBC44 /* Info.plist */,
				E5BD5DF124197A66003CBC44 /* Resources */,
			);
			path = Tests;
			sourceTree = "<group>";
		};
		E5DFEDA91C0D06DC003AA5B9 /* Utils */ = {
			isa = PBXGroup;
			children = (
				E5EE305D1BF8E8AE00404BE0 /* Math.swift */,
				E58F4D8A1C110070000F3976 /* Component.swift */,
				E58F36F91D0627A300AE4DEC /* BinaryConvertible.swift */,
				E5E0E3CC1C2AF6750062E0DD /* Line.swift */,
				E5DFEDAA1C0D06E5003AA5B9 /* CircularBuffer.swift */,
				E5BD5DD4241945A6003CBC44 /* FixedArray.swift */,
			);
			path = Utils;
			sourceTree = "<group>";
		};
		E5EE303A1BF8E5CD00404BE0 = {
			isa = PBXGroup;
			children = (
				E5BD5DF324197B53003CBC44 /* ROM */,
				E5EE30461BF8E5CD00404BE0 /* C64 */,
				E5BD5DDB24197A14003CBC44 /* Tests */,
				E5EE30451BF8E5CD00404BE0 /* Products */,
			);
			sourceTree = "<group>";
		};
		E5EE30451BF8E5CD00404BE0 /* Products */ = {
			isa = PBXGroup;
			children = (
				E5EE30441BF8E5CD00404BE0 /* C64.framework */,
				E5BD5DDA24197A14003CBC44 /* Tests.xctest */,
			);
			name = Products;
			sourceTree = "<group>";
		};
		E5EE30461BF8E5CD00404BE0 /* C64 */ = {
			isa = PBXGroup;
			children = (
				E5EE30591BF8E8AE00404BE0 /* C1541 */,
				E5DFEDA91C0D06DC003AA5B9 /* Utils */,
				E53A2C9D1D077FC100C52B93 /* Files */,
				E5EE305A1BF8E8AE00404BE0 /* C64.swift */,
				E5EE305B1BF8E8AE00404BE0 /* CPU.swift */,
				E513FB0A1E088A7900AB3365 /* CPU+Opcodes.swift */,
				E5EE305C1BF8E8AE00404BE0 /* CIA.swift */,
				E5EE305E1BF8E8AE00404BE0 /* Memory.swift */,
				E5EE305F1BF8E8AE00404BE0 /* SID.swift */,
				E5EE30601BF8E8AE00404BE0 /* VIC.swift */,
				E5EE30611BF8E8AE00404BE0 /* Keyboard.swift */,
				E5EE30621BF8E8AE00404BE0 /* Joystick.swift */,
				E5EE30631BF8E8AE00404BE0 /* IEC.swift */,
				E5EE30551BF8E8A100404BE0 /* Supporting Files */,
			);
			path = C64;
			sourceTree = "<group>";
		};
		E5EE30551BF8E8A100404BE0 /* Supporting Files */ = {
			isa = PBXGroup;
			children = (
				E5EE30491BF8E5CD00404BE0 /* Info.plist */,
			);
			name = "Supporting Files";
			sourceTree = "<group>";
		};
		E5EE30591BF8E8AE00404BE0 /* C1541 */ = {
			isa = PBXGroup;
			children = (
				E5EE30561BF8E8AE00404BE0 /* C1541.swift */,
				E5EE30571BF8E8AE00404BE0 /* C1541Memory.swift */,
				E5EE30581BF8E8AE00404BE0 /* VIA.swift */,
			);
			path = C1541;
			sourceTree = "<group>";
		};
/* End PBXGroup section */

/* Begin PBXHeadersBuildPhase section */
		E5EE30411BF8E5CD00404BE0 /* Headers */ = {
			isa = PBXHeadersBuildPhase;
			buildActionMask = 2147483647;
			files = (
			);
			runOnlyForDeploymentPostprocessing = 0;
		};
/* End PBXHeadersBuildPhase section */

/* Begin PBXNativeTarget section */
		E5BD5DD924197A14003CBC44 /* Tests */ = {
			isa = PBXNativeTarget;
			buildConfigurationList = E5BD5DE224197A14003CBC44 /* Build configuration list for PBXNativeTarget "Tests" */;
			buildPhases = (
				E5BD5DD624197A14003CBC44 /* Sources */,
				E5BD5DD724197A14003CBC44 /* Frameworks */,
				E5BD5DD824197A14003CBC44 /* Resources */,
			);
			buildRules = (
			);
			dependencies = (
				E5BD5DE124197A14003CBC44 /* PBXTargetDependency */,
			);
			name = Tests;
			productName = Tests;
			productReference = E5BD5DDA24197A14003CBC44 /* Tests.xctest */;
			productType = "com.apple.product-type.bundle.unit-test";
		};
		E5EE30431BF8E5CD00404BE0 /* C64 */ = {
			isa = PBXNativeTarget;
			buildConfigurationList = E5EE304C1BF8E5CD00404BE0 /* Build configuration list for PBXNativeTarget "C64" */;
			buildPhases = (
				E5EE303F1BF8E5CD00404BE0 /* Sources */,
				E5EE30401BF8E5CD00404BE0 /* Frameworks */,
				E5EE30411BF8E5CD00404BE0 /* Headers */,
				E5EE30421BF8E5CD00404BE0 /* Resources */,
			);
			buildRules = (
			);
			dependencies = (
			);
			name = C64;
			productName = C64;
			productReference = E5EE30441BF8E5CD00404BE0 /* C64.framework */;
			productType = "com.apple.product-type.framework";
		};
/* End PBXNativeTarget section */

/* Begin PBXProject section */
		E5EE303B1BF8E5CD00404BE0 /* Project object */ = {
			isa = PBXProject;
			attributes = {
				LastSwiftUpdateCheck = 1130;
				LastUpgradeCheck = 1130;
				ORGANIZATIONNAME = "orange in a day";
				TargetAttributes = {
					E5BD5DD924197A14003CBC44 = {
						CreatedOnToolsVersion = 11.3.1;
						DevelopmentTeam = 4P257ZBPT9;
						ProvisioningStyle = Automatic;
					};
					E5EE30431BF8E5CD00404BE0 = {
						CreatedOnToolsVersion = 7.1.1;
						LastSwiftMigration = 1130;
					};
				};
			};
			buildConfigurationList = E5EE303E1BF8E5CD00404BE0 /* Build configuration list for PBXProject "C64" */;
			compatibilityVersion = "Xcode 3.2";
			developmentRegion = English;
			hasScannedForEncodings = 0;
			knownRegions = (
				English,
				en,
			);
			mainGroup = E5EE303A1BF8E5CD00404BE0;
			productRefGroup = E5EE30451BF8E5CD00404BE0 /* Products */;
			projectDirPath = "";
			projectRoot = "";
			targets = (
				E5EE30431BF8E5CD00404BE0 /* C64 */,
				E5BD5DD924197A14003CBC44 /* Tests */,
			);
		};
/* End PBXProject section */

/* Begin PBXResourcesBuildPhase section */
		E5BD5DD824197A14003CBC44 /* Resources */ = {
			isa = PBXResourcesBuildPhase;
			buildActionMask = 2147483647;
			files = (
				E5BD5DF424197B53003CBC44 /* ROM in Resources */,
				E5BD5DF224197A66003CBC44 /* Resources in Resources */,
			);
			runOnlyForDeploymentPostprocessing = 0;
		};
		E5EE30421BF8E5CD00404BE0 /* Resources */ = {
			isa = PBXResourcesBuildPhase;
			buildActionMask = 2147483647;
			files = (
			);
			runOnlyForDeploymentPostprocessing = 0;
		};
/* End PBXResourcesBuildPhase section */

/* Begin PBXSourcesBuildPhase section */
		E5BD5DD624197A14003CBC44 /* Sources */ = {
			isa = PBXSourcesBuildPhase;
			buildActionMask = 2147483647;
			files = (
				E5BD5DF024197A3A003CBC44 /* BaseTest.swift in Sources */,
				E5BD5DEF24197A3A003CBC44 /* LorenzTestSuite.swift in Sources */,
				E5BD5DED24197A3A003CBC44 /* PerformanceTests.swift in Sources */,
				E5BD5DEE24197A3A003CBC44 /* TestprogsCIACiavarious.swift in Sources */,
			);
			runOnlyForDeploymentPostprocessing = 0;
		};
		E5EE303F1BF8E5CD00404BE0 /* Sources */ = {
			isa = PBXSourcesBuildPhase;
			buildActionMask = 2147483647;
			files = (
				E5EE30701BF8E8AE00404BE0 /* IEC.swift in Sources */,
				E5E0E3CD1C2AF6750062E0DD /* Line.swift in Sources */,
				E5EE306B1BF8E8AE00404BE0 /* Memory.swift in Sources */,
				E5EE30661BF8E8AE00404BE0 /* VIA.swift in Sources */,
				E5EE306D1BF8E8AE00404BE0 /* VIC.swift in Sources */,
				E58F36FA1D0627A300AE4DEC /* BinaryConvertible.swift in Sources */,
				E5EE306E1BF8E8AE00404BE0 /* Keyboard.swift in Sources */,
				E5BD5DD5241945A6003CBC44 /* FixedArray.swift in Sources */,
				E5EE30671BF8E8AE00404BE0 /* C64.swift in Sources */,
				E513FB0B1E088A7900AB3365 /* CPU+Opcodes.swift in Sources */,
				E5EE30681BF8E8AE00404BE0 /* CPU.swift in Sources */,
				E53A2C9F1D077FC100C52B93 /* Disk.swift in Sources */,
				E5EE306A1BF8E8AE00404BE0 /* Math.swift in Sources */,
				E5EE30641BF8E8AE00404BE0 /* C1541.swift in Sources */,
				E5DFEDAB1C0D06E5003AA5B9 /* CircularBuffer.swift in Sources */,
				E5EE306C1BF8E8AE00404BE0 /* SID.swift in Sources */,
				E5EE306F1BF8E8AE00404BE0 /* Joystick.swift in Sources */,
				E58F4D8B1C110070000F3976 /* Component.swift in Sources */,
				E53A2CA11D077FF100C52B93 /* SaveState.swift in Sources */,
				E5EE30651BF8E8AE00404BE0 /* C1541Memory.swift in Sources */,
				E5EE30691BF8E8AE00404BE0 /* CIA.swift in Sources */,
			);
			runOnlyForDeploymentPostprocessing = 0;
		};
/* End PBXSourcesBuildPhase section */

/* Begin PBXTargetDependency section */
		E5BD5DE124197A14003CBC44 /* PBXTargetDependency */ = {
			isa = PBXTargetDependency;
			target = E5EE30431BF8E5CD00404BE0 /* C64 */;
			targetProxy = E5BD5DE024197A14003CBC44 /* PBXContainerItemProxy */;
		};
/* End PBXTargetDependency section */

/* Begin XCBuildConfiguration section */
		E53411BD1DD4A60300CC04A0 /* Test */ = {
			isa = XCBuildConfiguration;
			buildSettings = {
				ALWAYS_SEARCH_USER_PATHS = NO;
				CLANG_ANALYZER_LOCALIZABILITY_NONLOCALIZED = YES;
				CLANG_CXX_LANGUAGE_STANDARD = "gnu++0x";
				CLANG_CXX_LIBRARY = "libc++";
				CLANG_ENABLE_MODULES = YES;
				CLANG_ENABLE_OBJC_ARC = YES;
				CLANG_WARN_BLOCK_CAPTURE_AUTORELEASING = YES;
				CLANG_WARN_BOOL_CONVERSION = YES;
				CLANG_WARN_COMMA = YES;
				CLANG_WARN_CONSTANT_CONVERSION = YES;
				CLANG_WARN_DEPRECATED_OBJC_IMPLEMENTATIONS = YES;
				CLANG_WARN_DIRECT_OBJC_ISA_USAGE = YES_ERROR;
				CLANG_WARN_EMPTY_BODY = YES;
				CLANG_WARN_ENUM_CONVERSION = YES;
				CLANG_WARN_INFINITE_RECURSION = YES;
				CLANG_WARN_INT_CONVERSION = YES;
				CLANG_WARN_NON_LITERAL_NULL_CONVERSION = YES;
				CLANG_WARN_OBJC_IMPLICIT_RETAIN_SELF = YES;
				CLANG_WARN_OBJC_LITERAL_CONVERSION = YES;
				CLANG_WARN_OBJC_ROOT_CLASS = YES_ERROR;
				CLANG_WARN_RANGE_LOOP_ANALYSIS = YES;
				CLANG_WARN_STRICT_PROTOTYPES = YES;
				CLANG_WARN_SUSPICIOUS_MOVE = YES;
				CLANG_WARN_UNREACHABLE_CODE = YES;
				CLANG_WARN__DUPLICATE_METHOD_MATCH = YES;
				CODE_SIGN_IDENTITY = "-";
				COPY_PHASE_STRIP = NO;
				CURRENT_PROJECT_VERSION = 1;
				DEBUG_INFORMATION_FORMAT = dwarf;
				ENABLE_STRICT_OBJC_MSGSEND = YES;
				ENABLE_TESTABILITY = YES;
				GCC_C_LANGUAGE_STANDARD = gnu99;
				GCC_DYNAMIC_NO_PIC = NO;
				GCC_NO_COMMON_BLOCKS = YES;
				GCC_OPTIMIZATION_LEVEL = 0;
				GCC_PREPROCESSOR_DEFINITIONS = (
					"DEBUG=1",
					"$(inherited)",
				);
				GCC_WARN_64_TO_32_BIT_CONVERSION = YES;
				GCC_WARN_ABOUT_RETURN_TYPE = YES_ERROR;
				GCC_WARN_UNDECLARED_SELECTOR = YES;
				GCC_WARN_UNINITIALIZED_AUTOS = YES_AGGRESSIVE;
				GCC_WARN_UNUSED_FUNCTION = YES;
				GCC_WARN_UNUSED_VARIABLE = YES;
				IPHONEOS_DEPLOYMENT_TARGET = 8.0;
				MACOSX_DEPLOYMENT_TARGET = 10.10;
				MTL_ENABLE_DEBUG_INFO = YES;
				ONLY_ACTIVE_ARCH = YES;
				SDKROOT = macosx;
				SUPPORTED_PLATFORMS = "macosx iphoneos iphonesimulator appletvos appletvsimulator";
				SWIFT_OPTIMIZATION_LEVEL = "-Onone";
				TVOS_DEPLOYMENT_TARGET = 9.0;
				VALID_ARCHS = "arm64 armv7 armv7s i386 x86_64";
				VERSIONING_SYSTEM = "apple-generic";
				VERSION_INFO_PREFIX = "";
			};
			name = Test;
		};
		E53411BE1DD4A60300CC04A0 /* Test */ = {
			isa = XCBuildConfiguration;
			buildSettings = {
				CODE_SIGN_IDENTITY = "";
				COMBINE_HIDPI_IMAGES = YES;
				DEFINES_MODULE = YES;
				DYLIB_COMPATIBILITY_VERSION = 1;
				DYLIB_CURRENT_VERSION = 1;
				DYLIB_INSTALL_NAME_BASE = "@rpath";
				FRAMEWORK_VERSION = A;
				INFOPLIST_FILE = C64/Info.plist;
				INSTALL_PATH = "$(LOCAL_LIBRARY_DIR)/Frameworks";
				LD_RUNPATH_SEARCH_PATHS = "$(inherited) @executable_path/../Frameworks @loader_path/Frameworks";
				LLVM_LTO = NO;
				OTHER_SWIFT_FLAGS = "-DDEBUG";
				PRODUCT_BUNDLE_IDENTIFIER = com.orangeinaday.C64;
				PRODUCT_NAME = "$(TARGET_NAME)";
				SKIP_INSTALL = YES;
				SWIFT_OPTIMIZATION_LEVEL = "-Owholemodule";
				SWIFT_VERSION = 5.0;
			};
			name = Test;
		};
		E5BD5DE324197A14003CBC44 /* Debug */ = {
			isa = XCBuildConfiguration;
			buildSettings = {
				CLANG_ANALYZER_NONNULL = YES;
				CLANG_ANALYZER_NUMBER_OBJECT_CONVERSION = YES_AGGRESSIVE;
				CLANG_CXX_LANGUAGE_STANDARD = "gnu++14";
				CLANG_ENABLE_OBJC_WEAK = YES;
				CLANG_WARN_DOCUMENTATION_COMMENTS = YES;
				CLANG_WARN_UNGUARDED_AVAILABILITY = YES_AGGRESSIVE;
				CODE_SIGN_STYLE = Automatic;
				COMBINE_HIDPI_IMAGES = YES;
				DEVELOPMENT_TEAM = 4P257ZBPT9;
				GCC_C_LANGUAGE_STANDARD = gnu11;
				INFOPLIST_FILE = Tests/Info.plist;
				LD_RUNPATH_SEARCH_PATHS = "$(inherited) @executable_path/../Frameworks @loader_path/../Frameworks";
				MACOSX_DEPLOYMENT_TARGET = 10.15;
				MTL_ENABLE_DEBUG_INFO = INCLUDE_SOURCE;
				MTL_FAST_MATH = YES;
				PRODUCT_BUNDLE_IDENTIFIER = com.orangeinaday.Tests;
				PRODUCT_NAME = "$(TARGET_NAME)";
				SWIFT_ACTIVE_COMPILATION_CONDITIONS = DEBUG;
				SWIFT_VERSION = 5.0;
			};
			name = Debug;
		};
		E5BD5DE424197A14003CBC44 /* Test */ = {
			isa = XCBuildConfiguration;
			buildSettings = {
				CLANG_ANALYZER_NONNULL = YES;
				CLANG_ANALYZER_NUMBER_OBJECT_CONVERSION = YES_AGGRESSIVE;
				CLANG_CXX_LANGUAGE_STANDARD = "gnu++14";
				CLANG_ENABLE_OBJC_WEAK = YES;
				CLANG_WARN_DOCUMENTATION_COMMENTS = YES;
				CLANG_WARN_UNGUARDED_AVAILABILITY = YES_AGGRESSIVE;
				CODE_SIGN_STYLE = Automatic;
				COMBINE_HIDPI_IMAGES = YES;
				DEVELOPMENT_TEAM = 4P257ZBPT9;
				GCC_C_LANGUAGE_STANDARD = gnu11;
				INFOPLIST_FILE = Tests/Info.plist;
				LD_RUNPATH_SEARCH_PATHS = "$(inherited) @executable_path/../Frameworks @loader_path/../Frameworks";
				MACOSX_DEPLOYMENT_TARGET = 10.15;
				MTL_FAST_MATH = YES;
				PRODUCT_BUNDLE_IDENTIFIER = com.orangeinaday.Tests;
				PRODUCT_NAME = "$(TARGET_NAME)";
				SWIFT_VERSION = 5.0;
			};
			name = Test;
		};
		E5BD5DE524197A14003CBC44 /* Release */ = {
			isa = XCBuildConfiguration;
			buildSettings = {
				CLANG_ANALYZER_NONNULL = YES;
				CLANG_ANALYZER_NUMBER_OBJECT_CONVERSION = YES_AGGRESSIVE;
				CLANG_CXX_LANGUAGE_STANDARD = "gnu++14";
				CLANG_ENABLE_OBJC_WEAK = YES;
				CLANG_WARN_DOCUMENTATION_COMMENTS = YES;
				CLANG_WARN_UNGUARDED_AVAILABILITY = YES_AGGRESSIVE;
				CODE_SIGN_STYLE = Automatic;
				COMBINE_HIDPI_IMAGES = YES;
				DEVELOPMENT_TEAM = 4P257ZBPT9;
				GCC_C_LANGUAGE_STANDARD = gnu11;
				INFOPLIST_FILE = Tests/Info.plist;
				LD_RUNPATH_SEARCH_PATHS = "$(inherited) @executable_path/../Frameworks @loader_path/../Frameworks";
				MACOSX_DEPLOYMENT_TARGET = 10.15;
				MTL_FAST_MATH = YES;
				PRODUCT_BUNDLE_IDENTIFIER = com.orangeinaday.Tests;
				PRODUCT_NAME = "$(TARGET_NAME)";
				SWIFT_VERSION = 5.0;
			};
			name = Release;
		};
		E5EE304A1BF8E5CD00404BE0 /* Debug */ = {
			isa = XCBuildConfiguration;
			buildSettings = {
				ALWAYS_SEARCH_USER_PATHS = NO;
				CLANG_ANALYZER_LOCALIZABILITY_NONLOCALIZED = YES;
				CLANG_CXX_LANGUAGE_STANDARD = "gnu++0x";
				CLANG_CXX_LIBRARY = "libc++";
				CLANG_ENABLE_MODULES = YES;
				CLANG_ENABLE_OBJC_ARC = YES;
				CLANG_WARN_BLOCK_CAPTURE_AUTORELEASING = YES;
				CLANG_WARN_BOOL_CONVERSION = YES;
				CLANG_WARN_COMMA = YES;
				CLANG_WARN_CONSTANT_CONVERSION = YES;
				CLANG_WARN_DEPRECATED_OBJC_IMPLEMENTATIONS = YES;
				CLANG_WARN_DIRECT_OBJC_ISA_USAGE = YES_ERROR;
				CLANG_WARN_EMPTY_BODY = YES;
				CLANG_WARN_ENUM_CONVERSION = YES;
				CLANG_WARN_INFINITE_RECURSION = YES;
				CLANG_WARN_INT_CONVERSION = YES;
				CLANG_WARN_NON_LITERAL_NULL_CONVERSION = YES;
				CLANG_WARN_OBJC_IMPLICIT_RETAIN_SELF = YES;
				CLANG_WARN_OBJC_LITERAL_CONVERSION = YES;
				CLANG_WARN_OBJC_ROOT_CLASS = YES_ERROR;
				CLANG_WARN_RANGE_LOOP_ANALYSIS = YES;
				CLANG_WARN_STRICT_PROTOTYPES = YES;
				CLANG_WARN_SUSPICIOUS_MOVE = YES;
				CLANG_WARN_UNREACHABLE_CODE = YES;
				CLANG_WARN__DUPLICATE_METHOD_MATCH = YES;
				CODE_SIGN_IDENTITY = "-";
				COPY_PHASE_STRIP = NO;
				CURRENT_PROJECT_VERSION = 1;
				DEBUG_INFORMATION_FORMAT = dwarf;
				ENABLE_STRICT_OBJC_MSGSEND = YES;
				ENABLE_TESTABILITY = YES;
				GCC_C_LANGUAGE_STANDARD = gnu99;
				GCC_DYNAMIC_NO_PIC = NO;
				GCC_NO_COMMON_BLOCKS = YES;
				GCC_OPTIMIZATION_LEVEL = 0;
				GCC_PREPROCESSOR_DEFINITIONS = (
					"DEBUG=1",
					"$(inherited)",
				);
				GCC_WARN_64_TO_32_BIT_CONVERSION = YES;
				GCC_WARN_ABOUT_RETURN_TYPE = YES_ERROR;
				GCC_WARN_UNDECLARED_SELECTOR = YES;
				GCC_WARN_UNINITIALIZED_AUTOS = YES_AGGRESSIVE;
				GCC_WARN_UNUSED_FUNCTION = YES;
				GCC_WARN_UNUSED_VARIABLE = YES;
				IPHONEOS_DEPLOYMENT_TARGET = 8.0;
				MACOSX_DEPLOYMENT_TARGET = 10.10;
				MTL_ENABLE_DEBUG_INFO = YES;
				ONLY_ACTIVE_ARCH = YES;
				SDKROOT = macosx;
				SUPPORTED_PLATFORMS = "macosx iphoneos iphonesimulator appletvos appletvsimulator";
				SWIFT_OPTIMIZATION_LEVEL = "-Onone";
				TVOS_DEPLOYMENT_TARGET = 9.0;
				VALID_ARCHS = "arm64 armv7 armv7s i386 x86_64";
				VERSIONING_SYSTEM = "apple-generic";
				VERSION_INFO_PREFIX = "";
			};
			name = Debug;
		};
		E5EE304B1BF8E5CD00404BE0 /* Release */ = {
			isa = XCBuildConfiguration;
			buildSettings = {
				ALWAYS_SEARCH_USER_PATHS = NO;
				CLANG_ANALYZER_LOCALIZABILITY_NONLOCALIZED = YES;
				CLANG_CXX_LANGUAGE_STANDARD = "gnu++0x";
				CLANG_CXX_LIBRARY = "libc++";
				CLANG_ENABLE_MODULES = YES;
				CLANG_ENABLE_OBJC_ARC = YES;
				CLANG_WARN_BLOCK_CAPTURE_AUTORELEASING = YES;
				CLANG_WARN_BOOL_CONVERSION = YES;
				CLANG_WARN_COMMA = YES;
				CLANG_WARN_CONSTANT_CONVERSION = YES;
				CLANG_WARN_DEPRECATED_OBJC_IMPLEMENTATIONS = YES;
				CLANG_WARN_DIRECT_OBJC_ISA_USAGE = YES_ERROR;
				CLANG_WARN_EMPTY_BODY = YES;
				CLANG_WARN_ENUM_CONVERSION = YES;
				CLANG_WARN_INFINITE_RECURSION = YES;
				CLANG_WARN_INT_CONVERSION = YES;
				CLANG_WARN_NON_LITERAL_NULL_CONVERSION = YES;
				CLANG_WARN_OBJC_IMPLICIT_RETAIN_SELF = YES;
				CLANG_WARN_OBJC_LITERAL_CONVERSION = YES;
				CLANG_WARN_OBJC_ROOT_CLASS = YES_ERROR;
				CLANG_WARN_RANGE_LOOP_ANALYSIS = YES;
				CLANG_WARN_STRICT_PROTOTYPES = YES;
				CLANG_WARN_SUSPICIOUS_MOVE = YES;
				CLANG_WARN_UNREACHABLE_CODE = YES;
				CLANG_WARN__DUPLICATE_METHOD_MATCH = YES;
				CODE_SIGN_IDENTITY = "-";
				COPY_PHASE_STRIP = NO;
				CURRENT_PROJECT_VERSION = 1;
				DEBUG_INFORMATION_FORMAT = "dwarf-with-dsym";
				ENABLE_NS_ASSERTIONS = NO;
				ENABLE_STRICT_OBJC_MSGSEND = YES;
				GCC_C_LANGUAGE_STANDARD = gnu99;
				GCC_NO_COMMON_BLOCKS = YES;
				GCC_OPTIMIZATION_LEVEL = fast;
				GCC_WARN_64_TO_32_BIT_CONVERSION = YES;
				GCC_WARN_ABOUT_RETURN_TYPE = YES_ERROR;
				GCC_WARN_UNDECLARED_SELECTOR = YES;
				GCC_WARN_UNINITIALIZED_AUTOS = YES_AGGRESSIVE;
				GCC_WARN_UNUSED_FUNCTION = YES;
				GCC_WARN_UNUSED_VARIABLE = YES;
				IPHONEOS_DEPLOYMENT_TARGET = 8.0;
				MACOSX_DEPLOYMENT_TARGET = 10.10;
				MTL_ENABLE_DEBUG_INFO = NO;
				SDKROOT = macosx;
				SUPPORTED_PLATFORMS = "macosx iphoneos iphonesimulator appletvos appletvsimulator";
				SWIFT_OPTIMIZATION_LEVEL = "-Owholemodule";
				TVOS_DEPLOYMENT_TARGET = 9.0;
				VALID_ARCHS = "arm64 armv7 armv7s i386 x86_64";
				VERSIONING_SYSTEM = "apple-generic";
				VERSION_INFO_PREFIX = "";
			};
			name = Release;
		};
		E5EE304D1BF8E5CD00404BE0 /* Debug */ = {
			isa = XCBuildConfiguration;
			buildSettings = {
				CODE_SIGN_IDENTITY = "";
				COMBINE_HIDPI_IMAGES = YES;
				DEFINES_MODULE = YES;
				DYLIB_COMPATIBILITY_VERSION = 1;
				DYLIB_CURRENT_VERSION = 1;
				DYLIB_INSTALL_NAME_BASE = "@rpath";
				FRAMEWORK_VERSION = A;
				INFOPLIST_FILE = C64/Info.plist;
				INSTALL_PATH = "$(LOCAL_LIBRARY_DIR)/Frameworks";
				LD_RUNPATH_SEARCH_PATHS = "$(inherited) @executable_path/../Frameworks @loader_path/Frameworks";
				LLVM_LTO = NO;
				OTHER_SWIFT_FLAGS = "-DDEBUG";
				PRODUCT_BUNDLE_IDENTIFIER = com.orangeinaday.C64;
				PRODUCT_NAME = "$(TARGET_NAME)";
				SKIP_INSTALL = YES;
				SWIFT_OPTIMIZATION_LEVEL = "-Onone";
				SWIFT_VERSION = 5.0;
			};
			name = Debug;
		};
		E5EE304E1BF8E5CD00404BE0 /* Release */ = {
			isa = XCBuildConfiguration;
			buildSettings = {
				CODE_SIGN_IDENTITY = "";
				COMBINE_HIDPI_IMAGES = YES;
				DEFINES_MODULE = YES;
				DYLIB_COMPATIBILITY_VERSION = 1;
				DYLIB_CURRENT_VERSION = 1;
				DYLIB_INSTALL_NAME_BASE = "@rpath";
				FRAMEWORK_VERSION = A;
				INFOPLIST_FILE = C64/Info.plist;
				INSTALL_PATH = "$(LOCAL_LIBRARY_DIR)/Frameworks";
				LD_RUNPATH_SEARCH_PATHS = "$(inherited) @executable_path/../Frameworks @loader_path/Frameworks";
				LLVM_LTO = NO;
				OTHER_SWIFT_FLAGS = "";
				PRODUCT_BUNDLE_IDENTIFIER = com.orangeinaday.C64;
				PRODUCT_NAME = "$(TARGET_NAME)";
				SKIP_INSTALL = YES;
				SWIFT_OPTIMIZATION_LEVEL = "-Owholemodule";
				SWIFT_VERSION = 5.0;
			};
			name = Release;
		};
/* End XCBuildConfiguration section */

/* Begin XCConfigurationList section */
		E5BD5DE224197A14003CBC44 /* Build configuration list for PBXNativeTarget "Tests" */ = {
			isa = XCConfigurationList;
			buildConfigurations = (
				E5BD5DE324197A14003CBC44 /* Debug */,
				E5BD5DE424197A14003CBC44 /* Test */,
				E5BD5DE524197A14003CBC44 /* Release */,
			);
			defaultConfigurationIsVisible = 0;
			defaultConfigurationName = Release;
		};
		E5EE303E1BF8E5CD00404BE0 /* Build configuration list for PBXProject "C64" */ = {
			isa = XCConfigurationList;
			buildConfigurations = (
				E5EE304A1BF8E5CD00404BE0 /* Debug */,
				E53411BD1DD4A60300CC04A0 /* Test */,
				E5EE304B1BF8E5CD00404BE0 /* Release */,
			);
			defaultConfigurationIsVisible = 0;
			defaultConfigurationName = Release;
		};
		E5EE304C1BF8E5CD00404BE0 /* Build configuration list for PBXNativeTarget "C64" */ = {
			isa = XCConfigurationList;
			buildConfigurations = (
				E5EE304D1BF8E5CD00404BE0 /* Debug */,
				E53411BE1DD4A60300CC04A0 /* Test */,
				E5EE304E1BF8E5CD00404BE0 /* Release */,
			);
			defaultConfigurationIsVisible = 0;
			defaultConfigurationName = Release;
		};
/* End XCConfigurationList section */
	};
	rootObject = E5EE303B1BF8E5CD00404BE0 /* Project object */;
}
